
Microsoft Visual Studio Solution File, Format Version 12.00
Project("{FAE04EC0-301F-11D3-BF4B-00C04F79EFBC}") = "Hytale.Server", "Hytale.Server\Hytale.Server.csproj", "{9554622F-E679-4558-A986-D445A3DE0C4D}"
EndProject
Project("{2150E333-8FDC-42A3-9474-1A3956D46DE8}") = "Solution Items", "Solution Items", "{ED13204D-28D0-4C0F-9D34-3B1C0C964137}"
	ProjectSection(SolutionItems) = preProject
		compose.yaml = compose.yaml
	EndProjectSection
EndProject
Project("{FAE04EC0-301F-11D3-BF4B-00C04F79EFBC}") = "Hytale.Server.Core", "Hytale.Server.Core\Hytale.Server.Core.csproj", "{2BE32AEB-BC72-44F3-B689-C0D9CC3F9B58}"
EndProject
Project("{FAE04EC0-301F-11D3-BF4B-00C04F79EFBC}") = "Hytale.TestPlugin", "Hytale.TestPlugin\Hytale.TestPlugin.csproj", "{82AC5DD5-8B79-4FC9-8FF3-DC9678BF3C87}"
EndProject
Project("{FAE04EC0-301F-11D3-BF4B-00C04F79EFBC}") = "Hytale.TestPlugin.Abstractions", "Hytale.TestPlugin.Abstractions\Hytale.TestPlugin.Abstractions.csproj", "{5740AEF1-7616-4235-B72E-89FCB91A0657}"
EndProject
Project("{FAE04EC0-301F-11D3-BF4B-00C04F79EFBC}") = "Hytale.InventoryPlugin", "Hytale.InventoryPlugin\Hytale.InventoryPlugin.csproj", "{140A5B05-E9F5-45AB-B4AE-EA31D3C47683}"
EndProject
Project("{2150E333-8FDC-42A3-9474-1A3956D46DE8}") = "Plugins", "Plugins", "{31387553-9D67-41DE-8B79-B1F4223122F0}"
EndProject
Project("{FAE04EC0-301F-11D3-BF4B-00C04F79EFBC}") = "Hytale.Client", "Hytale.Client\Hytale.Client.csproj", "{2275C27D-EC6F-45B7-B444-37EE3590712C}"
EndProject
Project("{FAE04EC0-301F-11D3-BF4B-00C04F79EFBC}") = "Hytale.Core", "Hytale.Core\Hytale.Core.csproj", "{29AA7867-073C-40A3-BCEC-99C741B8FE77}"
EndProject
Global
	GlobalSection(SolutionConfigurationPlatforms) = preSolution
		Debug|Any CPU = Debug|Any CPU
		Release|Any CPU = Release|Any CPU
	EndGlobalSection
	GlobalSection(ProjectConfigurationPlatforms) = postSolution
		{9554622F-E679-4558-A986-D445A3DE0C4D}.Debug|Any CPU.ActiveCfg = Debug|Any CPU
		{9554622F-E679-4558-A986-D445A3DE0C4D}.Debug|Any CPU.Build.0 = Debug|Any CPU
		{9554622F-E679-4558-A986-D445A3DE0C4D}.Release|Any CPU.ActiveCfg = Release|Any CPU
		{9554622F-E679-4558-A986-D445A3DE0C4D}.Release|Any CPU.Build.0 = Release|Any CPU
		{2BE32AEB-BC72-44F3-B689-C0D9CC3F9B58}.Debug|Any CPU.ActiveCfg = Debug|Any CPU
		{2BE32AEB-BC72-44F3-B689-C0D9CC3F9B58}.Debug|Any CPU.Build.0 = Debug|Any CPU
		{2BE32AEB-BC72-44F3-B689-C0D9CC3F9B58}.Release|Any CPU.ActiveCfg = Release|Any CPU
		{2BE32AEB-BC72-44F3-B689-C0D9CC3F9B58}.Release|Any CPU.Build.0 = Release|Any CPU
		{82AC5DD5-8B79-4FC9-8FF3-DC9678BF3C87}.Debug|Any CPU.ActiveCfg = Debug|Any CPU
		{82AC5DD5-8B79-4FC9-8FF3-DC9678BF3C87}.Debug|Any CPU.Build.0 = Debug|Any CPU
		{82AC5DD5-8B79-4FC9-8FF3-DC9678BF3C87}.Release|Any CPU.ActiveCfg = Release|Any CPU
		{82AC5DD5-8B79-4FC9-8FF3-DC9678BF3C87}.Release|Any CPU.Build.0 = Release|Any CPU
		{5740AEF1-7616-4235-B72E-89FCB91A0657}.Debug|Any CPU.ActiveCfg = Debug|Any CPU
		{5740AEF1-7616-4235-B72E-89FCB91A0657}.Debug|Any CPU.Build.0 = Debug|Any CPU
		{5740AEF1-7616-4235-B72E-89FCB91A0657}.Release|Any CPU.ActiveCfg = Release|Any CPU
		{5740AEF1-7616-4235-B72E-89FCB91A0657}.Release|Any CPU.Build.0 = Release|Any CPU
		{140A5B05-E9F5-45AB-B4AE-EA31D3C47683}.Debug|Any CPU.ActiveCfg = Debug|Any CPU
		{140A5B05-E9F5-45AB-B4AE-EA31D3C47683}.Debug|Any CPU.Build.0 = Debug|Any CPU
		{140A5B05-E9F5-45AB-B4AE-EA31D3C47683}.Release|Any CPU.ActiveCfg = Release|Any CPU
		{140A5B05-E9F5-45AB-B4AE-EA31D3C47683}.Release|Any CPU.Build.0 = Release|Any CPU
		{2275C27D-EC6F-45B7-B444-37EE3590712C}.Debug|Any CPU.ActiveCfg = Debug|Any CPU
		{2275C27D-EC6F-45B7-B444-37EE3590712C}.Debug|Any CPU.Build.0 = Debug|Any CPU
		{2275C27D-EC6F-45B7-B444-37EE3590712C}.Release|Any CPU.ActiveCfg = Release|Any CPU
		{2275C27D-EC6F-45B7-B444-37EE3590712C}.Release|Any CPU.Build.0 = Release|Any CPU
		{29AA7867-073C-40A3-BCEC-99C741B8FE77}.Debug|Any CPU.ActiveCfg = Debug|Any CPU
		{29AA7867-073C-40A3-BCEC-99C741B8FE77}.Debug|Any CPU.Build.0 = Debug|Any CPU
		{29AA7867-073C-40A3-BCEC-99C741B8FE77}.Release|Any CPU.ActiveCfg = Release|Any CPU
		{29AA7867-073C-40A3-BCEC-99C741B8FE77}.Release|Any CPU.Build.0 = Release|Any CPU
	EndGlobalSection
	GlobalSection(NestedProjects) = preSolution
		{82AC5DD5-8B79-4FC9-8FF3-DC9678BF3C87} = {31387553-9D67-41DE-8B79-B1F4223122F0}
		{5740AEF1-7616-4235-B72E-89FCB91A0657} = {31387553-9D67-41DE-8B79-B1F4223122F0}
		{140A5B05-E9F5-45AB-B4AE-EA31D3C47683} = {31387553-9D67-41DE-8B79-B1F4223122F0}
	EndGlobalSection
EndGlobal
